
Microsoft Visual Studio Solution File, Format Version 12.00
# Visual Studio Version 17
VisualStudioVersion = 17.2.32630.192
MinimumVisualStudioVersion = 10.0.40219.1
Project("{F184B08F-C81C-45F6-A57F-5ABD9991F28F}") = "MySqlTest", "MySqlTest\MySqlTest.vbproj", "{047AB719-E3D4-4F96-AA41-BB1A6B6AAFFD}"
EndProject
Global
	GlobalSection(SolutionConfigurationPlatforms) = preSolution
		Debug|Any CPU = Debug|Any CPU
		Release|Any CPU = Release|Any CPU
	EndGlobalSection
	GlobalSection(ProjectConfigurationPlatforms) = postSolution
		{047AB719-E3D4-4F96-AA41-BB1A6B6AAFFD}.Debug|Any CPU.ActiveCfg = Debug|Any CPU
		{047AB719-E3D4-4F96-AA41-BB1A6B6AAFFD}.Debug|Any CPU.Build.0 = Debug|Any CPU
		{047AB719-E3D4-4F96-AA41-BB1A6B6AAFFD}.Release|Any CPU.ActiveCfg = Release|Any CPU
		{047AB719-E3D4-4F96-AA41-BB1A6B6AAFFD}.Release|Any CPU.Build.0 = Release|Any CPU
	EndGlobalSection
	GlobalSection(SolutionProperties) = preSolution
		HideSolutionNode = FALSE
	EndGlobalSection
	GlobalSection(ExtensibilityGlobals) = postSolution
		SolutionGuid = {19EBE52E-34E0-4B70-9FC0-2CF3E3A2532C}
	EndGlobalSection
EndGlobal
